// !$*UTF8*$!
{
	archiveVersion = 1;
	classes = {
	};
	objectVersion = 56;
	objects = {

/* Begin PBXBuildFile section */
		2C41F63929EC9B7200FCB2E0 /* TabBarPage.swift in Sources */ = {isa = PBXBuildFile; fileRef = 2C41F63829EC9B7200FCB2E0 /* TabBarPage.swift */; };
		2C41F63B29EC9BF400FCB2E0 /* PagePage.swift in Sources */ = {isa = PBXBuildFile; fileRef = 2C41F63A29EC9BF400FCB2E0 /* PagePage.swift */; };
		2CF3B2A229E0A0C900B56C03 /* OpenUpApp.swift in Sources */ = {isa = PBXBuildFile; fileRef = 2CF3B2A129E0A0C900B56C03 /* OpenUpApp.swift */; };
		2CF3B2A429E0A0C900B56C03 /* ContentView.swift in Sources */ = {isa = PBXBuildFile; fileRef = 2CF3B2A329E0A0C900B56C03 /* ContentView.swift */; };
		2CF3B2A629E0A0C900B56C03 /* Assets.xcassets in Resources */ = {isa = PBXBuildFile; fileRef = 2CF3B2A529E0A0C900B56C03 /* Assets.xcassets */; };
		2CF3B2A929E0A0C900B56C03 /* Preview Assets.xcassets in Resources */ = {isa = PBXBuildFile; fileRef = 2CF3B2A829E0A0C900B56C03 /* Preview Assets.xcassets */; };
		2CF3B2B129E0A16200B56C03 /* TodaysTestimonialsSheet.swift in Sources */ = {isa = PBXBuildFile; fileRef = 2CF3B2B029E0A16200B56C03 /* TodaysTestimonialsSheet.swift */; };
		2CF3B2B429E0A25D00B56C03 /* Color+Extension.swift in Sources */ = {isa = PBXBuildFile; fileRef = 2CF3B2B329E0A25D00B56C03 /* Color+Extension.swift */; };
		2CF3B2B729E0B08400B56C03 /* TodaysTestimonialItem.swift in Sources */ = {isa = PBXBuildFile; fileRef = 2CF3B2B629E0B08400B56C03 /* TodaysTestimonialItem.swift */; };
		2CF3B2BA29E0BA2300B56C03 /* Testimonal.swift in Sources */ = {isa = PBXBuildFile; fileRef = 2CF3B2B929E0BA2300B56C03 /* Testimonal.swift */; };
		2CF3B2BD29E0BB1D00B56C03 /* Date+Extension.swift in Sources */ = {isa = PBXBuildFile; fileRef = 2CF3B2BC29E0BB1D00B56C03 /* Date+Extension.swift */; };
		2CF3B2BF29E1A8D800B56C03 /* SimpleTestimonalListItem.swift in Sources */ = {isa = PBXBuildFile; fileRef = 2CF3B2BE29E1A8D800B56C03 /* SimpleTestimonalListItem.swift */; };
		2CF3B2C229E1AA5E00B56C03 /* HomeScreen.swift in Sources */ = {isa = PBXBuildFile; fileRef = 2CF3B2C129E1AA5E00B56C03 /* HomeScreen.swift */; };
		2CF3B2C529E1ACE700B56C03 /* HomeHeader.swift in Sources */ = {isa = PBXBuildFile; fileRef = 2CF3B2C429E1ACE700B56C03 /* HomeHeader.swift */; };
		2CF3B2C729E1AD1D00B56C03 /* TitledDivider.swift in Sources */ = {isa = PBXBuildFile; fileRef = 2CF3B2C629E1AD1D00B56C03 /* TitledDivider.swift */; };
		2CF3B2C929E1AD6300B56C03 /* TestimonalSection.swift in Sources */ = {isa = PBXBuildFile; fileRef = 2CF3B2C829E1AD6300B56C03 /* TestimonalSection.swift */; };
		2CFA8EFF29E2E60C004F0748 /* NewRecordSheet.swift in Sources */ = {isa = PBXBuildFile; fileRef = 2CFA8EFE29E2E60C004F0748 /* NewRecordSheet.swift */; };
		2CFA8F0129E2E80E004F0748 /* OPPlayButton.swift in Sources */ = {isa = PBXBuildFile; fileRef = 2CFA8F0029E2E80E004F0748 /* OPPlayButton.swift */; };
		2CFA8F0329E2F44B004F0748 /* OPTimerText.swift in Sources */ = {isa = PBXBuildFile; fileRef = 2CFA8F0229E2F44B004F0748 /* OPTimerText.swift */; };
		2CFA8F0529E2F7D1004F0748 /* String+Extension.swift in Sources */ = {isa = PBXBuildFile; fileRef = 2CFA8F0429E2F7D1004F0748 /* String+Extension.swift */; };
		2CFA8F0729E2F7E7004F0748 /* Int+Extension.swift in Sources */ = {isa = PBXBuildFile; fileRef = 2CFA8F0629E2F7E7004F0748 /* Int+Extension.swift */; };
		2CFA8F0A29E2FAC6004F0748 /* NewAudioButton.swift in Sources */ = {isa = PBXBuildFile; fileRef = 2CFA8F0929E2FAC6004F0748 /* NewAudioButton.swift */; };
/* End PBXBuildFile section */

/* Begin PBXFileReference section */
		2C41F63829EC9B7200FCB2E0 /* TabBarPage.swift */ = {isa = PBXFileReference; lastKnownFileType = sourcecode.swift; path = TabBarPage.swift; sourceTree = "<group>"; };
		2C41F63A29EC9BF400FCB2E0 /* PagePage.swift */ = {isa = PBXFileReference; lastKnownFileType = sourcecode.swift; path = PagePage.swift; sourceTree = "<group>"; };
		2CF3B29E29E0A0C900B56C03 /* OpenUp.app */ = {isa = PBXFileReference; explicitFileType = wrapper.application; includeInIndex = 0; path = OpenUp.app; sourceTree = BUILT_PRODUCTS_DIR; };
		2CF3B2A129E0A0C900B56C03 /* OpenUpApp.swift */ = {isa = PBXFileReference; lastKnownFileType = sourcecode.swift; path = OpenUpApp.swift; sourceTree = "<group>"; };
		2CF3B2A329E0A0C900B56C03 /* ContentView.swift */ = {isa = PBXFileReference; lastKnownFileType = sourcecode.swift; path = ContentView.swift; sourceTree = "<group>"; };
		2CF3B2A529E0A0C900B56C03 /* Assets.xcassets */ = {isa = PBXFileReference; lastKnownFileType = folder.assetcatalog; path = Assets.xcassets; sourceTree = "<group>"; };
		2CF3B2A829E0A0C900B56C03 /* Preview Assets.xcassets */ = {isa = PBXFileReference; lastKnownFileType = folder.assetcatalog; path = "Preview Assets.xcassets"; sourceTree = "<group>"; };
		2CF3B2B029E0A16200B56C03 /* TodaysTestimonialsSheet.swift */ = {isa = PBXFileReference; lastKnownFileType = sourcecode.swift; path = TodaysTestimonialsSheet.swift; sourceTree = "<group>"; };
		2CF3B2B329E0A25D00B56C03 /* Color+Extension.swift */ = {isa = PBXFileReference; lastKnownFileType = sourcecode.swift; path = "Color+Extension.swift"; sourceTree = "<group>"; };
		2CF3B2B629E0B08400B56C03 /* TodaysTestimonialItem.swift */ = {isa = PBXFileReference; lastKnownFileType = sourcecode.swift; path = TodaysTestimonialItem.swift; sourceTree = "<group>"; };
		2CF3B2B929E0BA2300B56C03 /* Testimonal.swift */ = {isa = PBXFileReference; lastKnownFileType = sourcecode.swift; path = Testimonal.swift; sourceTree = "<group>"; };
		2CF3B2BC29E0BB1D00B56C03 /* Date+Extension.swift */ = {isa = PBXFileReference; lastKnownFileType = sourcecode.swift; path = "Date+Extension.swift"; sourceTree = "<group>"; };
		2CF3B2BE29E1A8D800B56C03 /* SimpleTestimonalListItem.swift */ = {isa = PBXFileReference; lastKnownFileType = sourcecode.swift; path = SimpleTestimonalListItem.swift; sourceTree = "<group>"; };
		2CF3B2C129E1AA5E00B56C03 /* HomeScreen.swift */ = {isa = PBXFileReference; lastKnownFileType = sourcecode.swift; path = HomeScreen.swift; sourceTree = "<group>"; };
		2CF3B2C429E1ACE700B56C03 /* HomeHeader.swift */ = {isa = PBXFileReference; lastKnownFileType = sourcecode.swift; path = HomeHeader.swift; sourceTree = "<group>"; };
		2CF3B2C629E1AD1D00B56C03 /* TitledDivider.swift */ = {isa = PBXFileReference; lastKnownFileType = sourcecode.swift; path = TitledDivider.swift; sourceTree = "<group>"; };
		2CF3B2C829E1AD6300B56C03 /* TestimonalSection.swift */ = {isa = PBXFileReference; lastKnownFileType = sourcecode.swift; path = TestimonalSection.swift; sourceTree = "<group>"; };
		2CFA8EFE29E2E60C004F0748 /* NewRecordSheet.swift */ = {isa = PBXFileReference; lastKnownFileType = sourcecode.swift; path = NewRecordSheet.swift; sourceTree = "<group>"; };
		2CFA8F0029E2E80E004F0748 /* OPPlayButton.swift */ = {isa = PBXFileReference; lastKnownFileType = sourcecode.swift; path = OPPlayButton.swift; sourceTree = "<group>"; };
		2CFA8F0229E2F44B004F0748 /* OPTimerText.swift */ = {isa = PBXFileReference; lastKnownFileType = sourcecode.swift; path = OPTimerText.swift; sourceTree = "<group>"; };
		2CFA8F0429E2F7D1004F0748 /* String+Extension.swift */ = {isa = PBXFileReference; lastKnownFileType = sourcecode.swift; path = "String+Extension.swift"; sourceTree = "<group>"; };
		2CFA8F0629E2F7E7004F0748 /* Int+Extension.swift */ = {isa = PBXFileReference; lastKnownFileType = sourcecode.swift; path = "Int+Extension.swift"; sourceTree = "<group>"; };
		2CFA8F0929E2FAC6004F0748 /* NewAudioButton.swift */ = {isa = PBXFileReference; lastKnownFileType = sourcecode.swift; path = NewAudioButton.swift; sourceTree = "<group>"; };
/* End PBXFileReference section */

/* Begin PBXFrameworksBuildPhase section */
		2CF3B29B29E0A0C900B56C03 /* Frameworks */ = {
			isa = PBXFrameworksBuildPhase;
			buildActionMask = 2147483647;
			files = (
			);
			runOnlyForDeploymentPostprocessing = 0;
		};
/* End PBXFrameworksBuildPhase section */

/* Begin PBXGroup section */
		2C41F63729EC9B6500FCB2E0 /* Tabs */ = {
			isa = PBXGroup;
			children = (
				2C41F63829EC9B7200FCB2E0 /* TabBarPage.swift */,
				2C41F63A29EC9BF400FCB2E0 /* PagePage.swift */,
			);
			path = Tabs;
			sourceTree = "<group>";
		};
		2CF3B29529E0A0C900B56C03 = {
			isa = PBXGroup;
			children = (
				2CF3B2A029E0A0C900B56C03 /* OpenUp */,
				2CF3B29F29E0A0C900B56C03 /* Products */,
			);
			sourceTree = "<group>";
		};
		2CF3B29F29E0A0C900B56C03 /* Products */ = {
			isa = PBXGroup;
			children = (
				2CF3B29E29E0A0C900B56C03 /* OpenUp.app */,
			);
			name = Products;
			sourceTree = "<group>";
		};
		2CF3B2A029E0A0C900B56C03 /* OpenUp */ = {
			isa = PBXGroup;
			children = (
				2CF3B2B829E0BA1100B56C03 /* Models */,
				2CF3B2B529E0B02200B56C03 /* Components */,
				2CF3B2B229E0A24C00B56C03 /* Extensions */,
				2CF3B2AF29E0A15000B56C03 /* Views */,
				2CF3B2A129E0A0C900B56C03 /* OpenUpApp.swift */,
				2CF3B2A329E0A0C900B56C03 /* ContentView.swift */,
				2CF3B2A529E0A0C900B56C03 /* Assets.xcassets */,
				2CF3B2A729E0A0C900B56C03 /* Preview Content */,
			);
			path = OpenUp;
			sourceTree = "<group>";
		};
		2CF3B2A729E0A0C900B56C03 /* Preview Content */ = {
			isa = PBXGroup;
			children = (
				2CF3B2A829E0A0C900B56C03 /* Preview Assets.xcassets */,
			);
			path = "Preview Content";
			sourceTree = "<group>";
		};
		2CF3B2AF29E0A15000B56C03 /* Views */ = {
			isa = PBXGroup;
			children = (
				2C41F63729EC9B6500FCB2E0 /* Tabs */,
				2CF3B2C029E1AA4E00B56C03 /* Home */,
			);
			path = Views;
			sourceTree = "<group>";
		};
		2CF3B2B229E0A24C00B56C03 /* Extensions */ = {
			isa = PBXGroup;
			children = (
				2CF3B2B329E0A25D00B56C03 /* Color+Extension.swift */,
				2CF3B2BC29E0BB1D00B56C03 /* Date+Extension.swift */,
				2CFA8F0429E2F7D1004F0748 /* String+Extension.swift */,
				2CFA8F0629E2F7E7004F0748 /* Int+Extension.swift */,
			);
			path = Extensions;
			sourceTree = "<group>";
		};
		2CF3B2B529E0B02200B56C03 /* Components */ = {
			isa = PBXGroup;
			children = (
				2CF3B2B629E0B08400B56C03 /* TodaysTestimonialItem.swift */,
				2CF3B2BE29E1A8D800B56C03 /* SimpleTestimonalListItem.swift */,
				2CF3B2C629E1AD1D00B56C03 /* TitledDivider.swift */,
				2CFA8F0029E2E80E004F0748 /* OPPlayButton.swift */,
				2CFA8F0229E2F44B004F0748 /* OPTimerText.swift */,
			);
			path = Components;
			sourceTree = "<group>";
		};
		2CF3B2B829E0BA1100B56C03 /* Models */ = {
			isa = PBXGroup;
			children = (
				2CF3B2B929E0BA2300B56C03 /* Testimonal.swift */,
			);
			path = Models;
			sourceTree = "<group>";
		};
		2CF3B2C029E1AA4E00B56C03 /* Home */ = {
			isa = PBXGroup;
			children = (
				2CFA8F0829E2FAAA004F0748 /* Components */,
				2CF3B2C329E1ACCC00B56C03 /* Views */,
				2CF3B2C129E1AA5E00B56C03 /* HomeScreen.swift */,
			);
			path = Home;
			sourceTree = "<group>";
		};
		2CF3B2C329E1ACCC00B56C03 /* Views */ = {
			isa = PBXGroup;
			children = (
				2CF3B2B029E0A16200B56C03 /* TodaysTestimonialsSheet.swift */,
				2CF3B2C429E1ACE700B56C03 /* HomeHeader.swift */,
				2CF3B2C829E1AD6300B56C03 /* TestimonalSection.swift */,
				2CFA8EFE29E2E60C004F0748 /* NewRecordSheet.swift */,
			);
			path = Views;
			sourceTree = "<group>";
		};
		2CFA8F0829E2FAAA004F0748 /* Components */ = {
			isa = PBXGroup;
			children = (
				2CFA8F0929E2FAC6004F0748 /* NewAudioButton.swift */,
			);
			path = Components;
			sourceTree = "<group>";
		};
/* End PBXGroup section */

/* Begin PBXNativeTarget section */
		2CF3B29D29E0A0C900B56C03 /* OpenUp */ = {
			isa = PBXNativeTarget;
			buildConfigurationList = 2CF3B2AC29E0A0C900B56C03 /* Build configuration list for PBXNativeTarget "OpenUp" */;
			buildPhases = (
				2CF3B29A29E0A0C900B56C03 /* Sources */,
				2CF3B29B29E0A0C900B56C03 /* Frameworks */,
				2CF3B29C29E0A0C900B56C03 /* Resources */,
			);
			buildRules = (
			);
			dependencies = (
			);
			name = OpenUp;
			productName = OpenUp;
			productReference = 2CF3B29E29E0A0C900B56C03 /* OpenUp.app */;
			productType = "com.apple.product-type.application";
		};
/* End PBXNativeTarget section */

/* Begin PBXProject section */
		2CF3B29629E0A0C900B56C03 /* Project object */ = {
			isa = PBXProject;
			attributes = {
				BuildIndependentTargetsInParallel = 1;
				LastSwiftUpdateCheck = 1420;
				LastUpgradeCheck = 1420;
				TargetAttributes = {
					2CF3B29D29E0A0C900B56C03 = {
						CreatedOnToolsVersion = 14.2;
					};
				};
			};
			buildConfigurationList = 2CF3B29929E0A0C900B56C03 /* Build configuration list for PBXProject "OpenUp" */;
			compatibilityVersion = "Xcode 14.0";
			developmentRegion = en;
			hasScannedForEncodings = 0;
			knownRegions = (
				en,
				Base,
			);
			mainGroup = 2CF3B29529E0A0C900B56C03;
			productRefGroup = 2CF3B29F29E0A0C900B56C03 /* Products */;
			projectDirPath = "";
			projectRoot = "";
			targets = (
				2CF3B29D29E0A0C900B56C03 /* OpenUp */,
			);
		};
/* End PBXProject section */

/* Begin PBXResourcesBuildPhase section */
		2CF3B29C29E0A0C900B56C03 /* Resources */ = {
			isa = PBXResourcesBuildPhase;
			buildActionMask = 2147483647;
			files = (
				2CF3B2A929E0A0C900B56C03 /* Preview Assets.xcassets in Resources */,
				2CF3B2A629E0A0C900B56C03 /* Assets.xcassets in Resources */,
			);
			runOnlyForDeploymentPostprocessing = 0;
		};
/* End PBXResourcesBuildPhase section */

/* Begin PBXSourcesBuildPhase section */
		2CF3B29A29E0A0C900B56C03 /* Sources */ = {
			isa = PBXSourcesBuildPhase;
			buildActionMask = 2147483647;
			files = (
				2CFA8F0529E2F7D1004F0748 /* String+Extension.swift in Sources */,
				2CFA8F0A29E2FAC6004F0748 /* NewAudioButton.swift in Sources */,
				2CF3B2A429E0A0C900B56C03 /* ContentView.swift in Sources */,
				2CF3B2B729E0B08400B56C03 /* TodaysTestimonialItem.swift in Sources */,
				2CFA8F0729E2F7E7004F0748 /* Int+Extension.swift in Sources */,
				2CF3B2B129E0A16200B56C03 /* TodaysTestimonialsSheet.swift in Sources */,
				2CF3B2C929E1AD6300B56C03 /* TestimonalSection.swift in Sources */,
				2C41F63B29EC9BF400FCB2E0 /* PagePage.swift in Sources */,
				2CF3B2BA29E0BA2300B56C03 /* Testimonal.swift in Sources */,
				2CF3B2BD29E0BB1D00B56C03 /* Date+Extension.swift in Sources */,
				2CF3B2C229E1AA5E00B56C03 /* HomeScreen.swift in Sources */,
				2CF3B2A229E0A0C900B56C03 /* OpenUpApp.swift in Sources */,
				2CF3B2BF29E1A8D800B56C03 /* SimpleTestimonalListItem.swift in Sources */,
				2CFA8F0329E2F44B004F0748 /* OPTimerText.swift in Sources */,
				2CF3B2B429E0A25D00B56C03 /* Color+Extension.swift in Sources */,
				2CFA8F0129E2E80E004F0748 /* OPPlayButton.swift in Sources */,
				2C41F63929EC9B7200FCB2E0 /* TabBarPage.swift in Sources */,
				2CF3B2C729E1AD1D00B56C03 /* TitledDivider.swift in Sources */,
				2CF3B2C529E1ACE700B56C03 /* HomeHeader.swift in Sources */,
				2CFA8EFF29E2E60C004F0748 /* NewRecordSheet.swift in Sources */,
			);
			runOnlyForDeploymentPostprocessing = 0;
		};
/* End PBXSourcesBuildPhase section */

/* Begin XCBuildConfiguration section */
		2CF3B2AA29E0A0C900B56C03 /* Debug */ = {
			isa = XCBuildConfiguration;
			buildSettings = {
				ALWAYS_SEARCH_USER_PATHS = NO;
				CLANG_ANALYZER_NONNULL = YES;
				CLANG_ANALYZER_NUMBER_OBJECT_CONVERSION = YES_AGGRESSIVE;
				CLANG_CXX_LANGUAGE_STANDARD = "gnu++20";
				CLANG_ENABLE_MODULES = YES;
				CLANG_ENABLE_OBJC_ARC = YES;
				CLANG_ENABLE_OBJC_WEAK = YES;
				CLANG_WARN_BLOCK_CAPTURE_AUTORELEASING = YES;
				CLANG_WARN_BOOL_CONVERSION = YES;
				CLANG_WARN_COMMA = YES;
				CLANG_WARN_CONSTANT_CONVERSION = YES;
				CLANG_WARN_DEPRECATED_OBJC_IMPLEMENTATIONS = YES;
				CLANG_WARN_DIRECT_OBJC_ISA_USAGE = YES_ERROR;
				CLANG_WARN_DOCUMENTATION_COMMENTS = YES;
				CLANG_WARN_EMPTY_BODY = YES;
				CLANG_WARN_ENUM_CONVERSION = YES;
				CLANG_WARN_INFINITE_RECURSION = YES;
				CLANG_WARN_INT_CONVERSION = YES;
				CLANG_WARN_NON_LITERAL_NULL_CONVERSION = YES;
				CLANG_WARN_OBJC_IMPLICIT_RETAIN_SELF = YES;
				CLANG_WARN_OBJC_LITERAL_CONVERSION = YES;
				CLANG_WARN_OBJC_ROOT_CLASS = YES_ERROR;
				CLANG_WARN_QUOTED_INCLUDE_IN_FRAMEWORK_HEADER = YES;
				CLANG_WARN_RANGE_LOOP_ANALYSIS = YES;
				CLANG_WARN_STRICT_PROTOTYPES = YES;
				CLANG_WARN_SUSPICIOUS_MOVE = YES;
				CLANG_WARN_UNGUARDED_AVAILABILITY = YES_AGGRESSIVE;
				CLANG_WARN_UNREACHABLE_CODE = YES;
				CLANG_WARN__DUPLICATE_METHOD_MATCH = YES;
				COPY_PHASE_STRIP = NO;
				DEBUG_INFORMATION_FORMAT = dwarf;
				ENABLE_STRICT_OBJC_MSGSEND = YES;
				ENABLE_TESTABILITY = YES;
				GCC_C_LANGUAGE_STANDARD = gnu11;
				GCC_DYNAMIC_NO_PIC = NO;
				GCC_NO_COMMON_BLOCKS = YES;
				GCC_OPTIMIZATION_LEVEL = 0;
				GCC_PREPROCESSOR_DEFINITIONS = (
					"DEBUG=1",
					"$(inherited)",
				);
				GCC_WARN_64_TO_32_BIT_CONVERSION = YES;
				GCC_WARN_ABOUT_RETURN_TYPE = YES_ERROR;
				GCC_WARN_UNDECLARED_SELECTOR = YES;
				GCC_WARN_UNINITIALIZED_AUTOS = YES_AGGRESSIVE;
				GCC_WARN_UNUSED_FUNCTION = YES;
				GCC_WARN_UNUSED_VARIABLE = YES;
				IPHONEOS_DEPLOYMENT_TARGET = 16.2;
				MTL_ENABLE_DEBUG_INFO = INCLUDE_SOURCE;
				MTL_FAST_MATH = YES;
				ONLY_ACTIVE_ARCH = YES;
				SDKROOT = iphoneos;
				SWIFT_ACTIVE_COMPILATION_CONDITIONS = DEBUG;
				SWIFT_OPTIMIZATION_LEVEL = "-Onone";
			};
			name = Debug;
		};
		2CF3B2AB29E0A0C900B56C03 /* Release */ = {
			isa = XCBuildConfiguration;
			buildSettings = {
				ALWAYS_SEARCH_USER_PATHS = NO;
				CLANG_ANALYZER_NONNULL = YES;
				CLANG_ANALYZER_NUMBER_OBJECT_CONVERSION = YES_AGGRESSIVE;
				CLANG_CXX_LANGUAGE_STANDARD = "gnu++20";
				CLANG_ENABLE_MODULES = YES;
				CLANG_ENABLE_OBJC_ARC = YES;
				CLANG_ENABLE_OBJC_WEAK = YES;
				CLANG_WARN_BLOCK_CAPTURE_AUTORELEASING = YES;
				CLANG_WARN_BOOL_CONVERSION = YES;
				CLANG_WARN_COMMA = YES;
				CLANG_WARN_CONSTANT_CONVERSION = YES;
				CLANG_WARN_DEPRECATED_OBJC_IMPLEMENTATIONS = YES;
				CLANG_WARN_DIRECT_OBJC_ISA_USAGE = YES_ERROR;
				CLANG_WARN_DOCUMENTATION_COMMENTS = YES;
				CLANG_WARN_EMPTY_BODY = YES;
				CLANG_WARN_ENUM_CONVERSION = YES;
				CLANG_WARN_INFINITE_RECURSION = YES;
				CLANG_WARN_INT_CONVERSION = YES;
				CLANG_WARN_NON_LITERAL_NULL_CONVERSION = YES;
				CLANG_WARN_OBJC_IMPLICIT_RETAIN_SELF = YES;
				CLANG_WARN_OBJC_LITERAL_CONVERSION = YES;
				CLANG_WARN_OBJC_ROOT_CLASS = YES_ERROR;
				CLANG_WARN_QUOTED_INCLUDE_IN_FRAMEWORK_HEADER = YES;
				CLANG_WARN_RANGE_LOOP_ANALYSIS = YES;
				CLANG_WARN_STRICT_PROTOTYPES = YES;
				CLANG_WARN_SUSPICIOUS_MOVE = YES;
				CLANG_WARN_UNGUARDED_AVAILABILITY = YES_AGGRESSIVE;
				CLANG_WARN_UNREACHABLE_CODE = YES;
				CLANG_WARN__DUPLICATE_METHOD_MATCH = YES;
				COPY_PHASE_STRIP = NO;
				DEBUG_INFORMATION_FORMAT = "dwarf-with-dsym";
				ENABLE_NS_ASSERTIONS = NO;
				ENABLE_STRICT_OBJC_MSGSEND = YES;
				GCC_C_LANGUAGE_STANDARD = gnu11;
				GCC_NO_COMMON_BLOCKS = YES;
				GCC_WARN_64_TO_32_BIT_CONVERSION = YES;
				GCC_WARN_ABOUT_RETURN_TYPE = YES_ERROR;
				GCC_WARN_UNDECLARED_SELECTOR = YES;
				GCC_WARN_UNINITIALIZED_AUTOS = YES_AGGRESSIVE;
				GCC_WARN_UNUSED_FUNCTION = YES;
				GCC_WARN_UNUSED_VARIABLE = YES;
				IPHONEOS_DEPLOYMENT_TARGET = 16.2;
				MTL_ENABLE_DEBUG_INFO = NO;
				MTL_FAST_MATH = YES;
				SDKROOT = iphoneos;
				SWIFT_COMPILATION_MODE = wholemodule;
				SWIFT_OPTIMIZATION_LEVEL = "-O";
				VALIDATE_PRODUCT = YES;
			};
			name = Release;
		};
		2CF3B2AD29E0A0C900B56C03 /* Debug */ = {
			isa = XCBuildConfiguration;
			buildSettings = {
				ASSETCATALOG_COMPILER_APPICON_NAME = AppIcon;
				ASSETCATALOG_COMPILER_GLOBAL_ACCENT_COLOR_NAME = AccentColor;
				CODE_SIGN_STYLE = Automatic;
				CURRENT_PROJECT_VERSION = 1;
				DEVELOPMENT_ASSET_PATHS = "\"OpenUp/Preview Content\"";
				DEVELOPMENT_TEAM = 3A4MTG5775;
				ENABLE_PREVIEWS = YES;
				GENERATE_INFOPLIST_FILE = YES;
				INFOPLIST_KEY_UIApplicationSceneManifest_Generation = YES;
				INFOPLIST_KEY_UIApplicationSupportsIndirectInputEvents = YES;
				INFOPLIST_KEY_UILaunchScreen_Generation = YES;
				INFOPLIST_KEY_UISupportedInterfaceOrientations_iPad = "UIInterfaceOrientationPortrait UIInterfaceOrientationPortraitUpsideDown UIInterfaceOrientationLandscapeLeft UIInterfaceOrientationLandscapeRight";
				INFOPLIST_KEY_UISupportedInterfaceOrientations_iPhone = "UIInterfaceOrientationPortrait UIInterfaceOrientationLandscapeLeft UIInterfaceOrientationLandscapeRight";
				LD_RUNPATH_SEARCH_PATHS = (
					"$(inherited)",
					"@executable_path/Frameworks",
				);
				MARKETING_VERSION = 1.0;
				PRODUCT_BUNDLE_IDENTIFIER = sickocoder.dev.OpenUp;
				PRODUCT_NAME = "$(TARGET_NAME)";
				SWIFT_EMIT_LOC_STRINGS = YES;
				SWIFT_VERSION = 5.0;
				TARGETED_DEVICE_FAMILY = "1,2";
			};
			name = Debug;
		};
		2CF3B2AE29E0A0C900B56C03 /* Release */ = {
			isa = XCBuildConfiguration;
			buildSettings = {
				ASSETCATALOG_COMPILER_APPICON_NAME = AppIcon;
				ASSETCATALOG_COMPILER_GLOBAL_ACCENT_COLOR_NAME = AccentColor;
				CODE_SIGN_STYLE = Automatic;
				CURRENT_PROJECT_VERSION = 1;
				DEVELOPMENT_ASSET_PATHS = "\"OpenUp/Preview Content\"";
				DEVELOPMENT_TEAM = 3A4MTG5775;
				ENABLE_PREVIEWS = YES;
				GENERATE_INFOPLIST_FILE = YES;
				INFOPLIST_KEY_UIApplicationSceneManifest_Generation = YES;
				INFOPLIST_KEY_UIApplicationSupportsIndirectInputEvents = YES;
				INFOPLIST_KEY_UILaunchScreen_Generation = YES;
				INFOPLIST_KEY_UISupportedInterfaceOrientations_iPad = "UIInterfaceOrientationPortrait UIInterfaceOrientationPortraitUpsideDown UIInterfaceOrientationLandscapeLeft UIInterfaceOrientationLandscapeRight";
				INFOPLIST_KEY_UISupportedInterfaceOrientations_iPhone = "UIInterfaceOrientationPortrait UIInterfaceOrientationLandscapeLeft UIInterfaceOrientationLandscapeRight";
				LD_RUNPATH_SEARCH_PATHS = (
					"$(inherited)",
					"@executable_path/Frameworks",
				);
				MARKETING_VERSION = 1.0;
				PRODUCT_BUNDLE_IDENTIFIER = sickocoder.dev.OpenUp;
				PRODUCT_NAME = "$(TARGET_NAME)";
				SWIFT_EMIT_LOC_STRINGS = YES;
				SWIFT_VERSION = 5.0;
				TARGETED_DEVICE_FAMILY = "1,2";
			};
			name = Release;
		};
/* End XCBuildConfiguration section */

/* Begin XCConfigurationList section */
		2CF3B29929E0A0C900B56C03 /* Build configuration list for PBXProject "OpenUp" */ = {
			isa = XCConfigurationList;
			buildConfigurations = (
				2CF3B2AA29E0A0C900B56C03 /* Debug */,
				2CF3B2AB29E0A0C900B56C03 /* Release */,
			);
			defaultConfigurationIsVisible = 0;
			defaultConfigurationName = Release;
		};
		2CF3B2AC29E0A0C900B56C03 /* Build configuration list for PBXNativeTarget "OpenUp" */ = {
			isa = XCConfigurationList;
			buildConfigurations = (
				2CF3B2AD29E0A0C900B56C03 /* Debug */,
				2CF3B2AE29E0A0C900B56C03 /* Release */,
			);
			defaultConfigurationIsVisible = 0;
			defaultConfigurationName = Release;
		};
/* End XCConfigurationList section */
	};
	rootObject = 2CF3B29629E0A0C900B56C03 /* Project object */;
}
